
Microsoft Visual Studio Solution File, Format Version 12.00
# Visual Studio 15
VisualStudioVersion = 15.0.28307.421
MinimumVisualStudioVersion = 10.0.40219.1
Project("{8BC9CEB8-8B4A-11D0-8D11-00A0C91BC942}") = "Project1", "Project1\Project1.vcxproj", "{29C3F582-A1D5-4347-9864-925C59543C84}"
EndProject
Global
	GlobalSection(SolutionConfigurationPlatforms) = preSolution
		Debug|x64 = Debug|x64
		Debug|x86 = Debug|x86
		Release|x64 = Release|x64
		Release|x86 = Release|x86
	EndGlobalSection
	GlobalSection(ProjectConfigurationPlatforms) = postSolution
		{29C3F582-A1D5-4347-9864-925C59543C84}.Debug|x64.ActiveCfg = Debug|x64
		{29C3F582-A1D5-4347-9864-925C59543C84}.Debug|x64.Build.0 = Debug|x64
		{29C3F582-A1D5-4347-9864-925C59543C84}.Debug|x86.ActiveCfg = Debug|Win32
		{29C3F582-A1D5-4347-9864-925C59543C84}.Debug|x86.Build.0 = Debug|Win32
		{29C3F582-A1D5-4347-9864-925C59543C84}.Release|x64.ActiveCfg = Release|x64
		{29C3F582-A1D5-4347-9864-925C59543C84}.Release|x64.Build.0 = Release|x64
		{29C3F582-A1D5-4347-9864-925C59543C84}.Release|x86.ActiveCfg = Release|Win32
		{29C3F582-A1D5-4347-9864-925C59543C84}.Release|x86.Build.0 = Release|Win32
	EndGlobalSection
	GlobalSection(SolutionProperties) = preSolution
		HideSolutionNode = FALSE
	EndGlobalSection
	GlobalSection(ExtensibilityGlobals) = postSolution
		SolutionGuid = {DA9995A9-CE2B-47DC-B47A-06F7B112D4A5}
	EndGlobalSection
EndGlobal
